version = 1
revision = 3
requires-python = ">=3.13"

[manifest]
members = [
    "manygo",
    "monorepo",
]

[[package]]
name = "colorama"
version = "0.4.6"
source = { registry = "https://pypi.org/simple" }
sdist = { url = "https://files.pythonhosted.org/packages/d8/53/6f443c9a4a8358a93a6792e2acffb9d9d5cb0a5cfd8802644b7b1c9a02e4/colorama-0.4.6.tar.gz", hash = "sha256:08695f5cb7ed6e0531a20572697297273c47b8cae5a63ffc6d6ed5c201be6e44", size = 27697, upload-time = "2022-10-25T02:36:22.414Z" }
wheels = [
    { url = "https://files.pythonhosted.org/packages/d1/d6/3965ed04c63042e047cb6a3e6ed1a63a35087b6a609aa3a15ed8ac56c221/colorama-0.4.6-py2.py3-none-any.whl", hash = "sha256:4f1d9991f5acc0ca119f9d443620b77f9d6b33703e51011c16baf57afb285fc6", size = 25335, upload-time = "2022-10-25T02:36:20.889Z" },
]

[[package]]
name = "hatchling"
version = "1.32.4"
source = { registry = "https://pypi.org/simple" }
dependencies = [
    { name = "packaging" },
    { name = "pathspec" },
    { name = "pluggy" },
    { name = "tomlkit" },
    { name = "trove-classifiers" },
]
sdist = { url = "https://files.pythonhosted.org/packages/f6/97/b5312f01a8c6daf729a9d272dd442e0c546dbcc630495788786c4b567ed0/hatchling-1.32.4.tar.gz", hash = "sha256:c4468f73144c054d2aab4ef0f0378c43b9878bf07f8ffd6b79690e970d375f07", size = 58065, upload-time = "2026-09-20T22:48:45.398Z" }
wheels = [
    { url = "https://files.pythonhosted.org/packages/5f/80/91f51f439c05d4ec4623c22928ce16a938d6d793bf709477830823497859/hatchling-1.32.4-py3-none-any.whl", hash = "sha256:08ecf7548fb48205e7f213d70c71e67b8271b7242093dc3f1da578b42c734a2c", size = 78748, upload-time = "2026-09-20T22:48:44.19Z" },
]

[[package]]
name = "iniconfig"
version = "2.3.0"
source = { registry = "https://pypi.org/simple" }
sdist = { url = "https://files.pythonhosted.org/packages/72/34/14ca021ce8e5dfedc35312d08ba8bf51fdd999c576889fc2c24cb97f4f10/iniconfig-2.3.0.tar.gz", hash = "sha256:c76315c77db068650d49c5b56314774a7804df16fee4402c1f19d6d15d8c4730", size = 20503, upload-time = "2025-10-18T21:55:43.219Z" }
wheels = [
    { url = "https://files.pythonhosted.org/packages/cb/b1/3846dd7f199d53cb17f49cba7e651e9ce294d8497c8c150530ed11865bb8/iniconfig-2.3.0-py3-none-any.whl", hash = "sha256:f631c04d2c48c52b84d0d0549c99ff3859c98df65b3101406327ecc7d53fbf12", size = 7484, upload-time = "2025-10-18T21:55:41.639Z" },
]

[[package]]
name = "manygo"
source = { editable = "manygo" }

[package.dev-dependencies]
dev = [
    { name = "pytest" },
    { name = "ty" },
]

[package.metadata]

[package.metadata.requires-dev]
dev = [
    { name = "pytest", specifier = ">=9.0.1" },
    { name = "ty", specifier = ">=0.0.1a31" },
]

[[package]]
name = "monorepo"
version = "0.0.0"
source = { virtual = "." }

[package.dev-dependencies]
dev = [
    { name = "hatchling" },
    { name = "pytest" },
    { name = "ty" },
]

[package.metadata]

[package.metadata.requires-dev]
dev = [
    { name = "hatchling", specifier = ">=1.27.0" },
    { name = "pytest", specifier = ">=8.4.0" },
    { name = "ty", specifier = ">=0.0.1a34" },
]

[[package]]
name = "packaging"
version = "26.3"
source = { registry = "https://pypi.org/simple" }
sdist = { url = "https://files.pythonhosted.org/packages/7d/fa/3944b40b07da9ce895c0e6303a5ab7d53da063554f534556b134a54d6093/packaging-26.3.tar.gz", hash = "sha256:94edc256424af38762eb31306eed28beb9f0efc50a8837492c9d6fd6004aed79", size = 313412, upload-time = "2026-08-04T18:15:28.737Z" }
wheels = [
    { url = "https://files.pythonhosted.org/packages/63/34/ba1c580383c9eada3711951fef0795c80b829a078d72188184bcab9dd527/packaging-26.3-py3-none-any.whl", hash = "sha256:d7193f7c8e4e93f444fde0262bf90af30e16fa0ad0ad44cb553c87339b23cd1c", size = 129956, upload-time = "2026-08-04T18:15:27.159Z" },
]

[[package]]
name = "pathspec"
version = "1.1.1"
source = { registry = "https://pypi.org/simple" }
sdist = { url = "https://files.pythonhosted.org/packages/5a/82/42f767fc1c1143d6fd36efb827202a2d997a375e160a71eb2888a925aac1/pathspec-1.1.1.tar.gz", hash = "sha256:17db5ecd524104a120e173814c90367a96a98d07c45b2e10c2f3919fff91bf5a", size = 135180, upload-time = "2026-04-27T01:46:08.907Z" }
wheels = [
    { url = "https://files.pythonhosted.org/packages/f1/d9/7fb5aa316bc299258e68c73ba3bddbc499654a07f151cba08f6153988714/pathspec-1.1.1-py3-none-any.whl", hash = "sha256:a00ce642f577bf7f473932318056212bc4f8bfdf53128c78bbd5af0b9b20b189", size = 57328, upload-time = "2026-04-27T01:46:07.06Z" },
]

[[package]]
name = "pluggy"
version = "1.6.0"
source = { registry = "https://pypi.org/simple" }
sdist = { url = "https://files.pythonhosted.org/packages/f9/e2/3e91f31a7d2b083fe6ef3fa267035b518369d9511ffab804f839851d2779/pluggy-1.6.0.tar.gz", hash = "sha256:7dcc130b76258d33b90f61b658791dede3486c3e6bfb003ee5c9bfb396dd22f3", size = 69412, upload-time = "2025-05-15T12:30:07.975Z" }
wheels = [
    { url = "https://files.pythonhosted.org/packages/54/20/4d324d65cc6d9205fabedc306948156824eb9f0ee1633355a8f7ec5c66bf/pluggy-1.6.0-py3-none-any.whl", hash = "sha256:e920276dd6813095e9377c0bc5566d94c932c33b27a3e3945d8389c374dd4746", size = 20538, upload-time = "2025-05-15T12:30:06.134Z" },
]

[[package]]
name = "pygments"
version = "2.21.0"
source = { registry = "https://pypi.org/simple" }
sdist = { url = "https://files.pythonhosted.org/packages/49/2e/ced460408999b33da6b31b0021b0f37d329e202d4169aeb164493778f25b/pygments-2.21.0.tar.gz", hash = "sha256:610ca751c9bc2492b38eb9a38a7fbc93edbbb2d7182edaf34e66ae493dee5c8c", size = 5005329, upload-time = "2026-08-17T08:02:48.824Z" }
wheels = [
    { url = "https://files.pythonhosted.org/packages/71/46/17f022dd3e953bf20a04a028a21ec746d942f8d2af30fa0f124fa0e6a684/pygments-2.21.0-py3-none-any.whl", hash = "sha256:2363c69b61c4a97c838da3b130dcd6468f4848992b21a82f2a63ec34377137d9", size = 1250147, upload-time = "2026-08-17T08:02:44.912Z" },
]

[[package]]
name = "pytest"
version = "9.1.1"
source = { registry = "https://pypi.org/simple" }
dependencies = [
    { name = "colorama", marker = "sys_platform == 'win32'" },
    { name = "iniconfig" },
    { name = "packaging" },
    { name = "pluggy" },
    { name = "pygments" },
]
sdist = { url = "https://files.pythonhosted.org/packages/e4/47/b9efed96c114afcfa3c9d3fe98a76a1d14c74a9e266d397cf6eb64be5e01/pytest-9.1.1.tar.gz", hash = "sha256:1088fbde8f2b49d95a549a195707afa7a76a3ce9bcadc26b6d71f0ffda5fe313", size = 1636369, upload-time = "2026-06-19T10:58:32.857Z" }
wheels = [
    { url = "https://files.pythonhosted.org/packages/24/25/1de2678b631f5a49215c6c96fff41ba892b0a34df68d6d80292b1b48aa7f/pytest-9.1.1-py3-none-any.whl", hash = "sha256:37a86b45efb9a47a61a36449063e8e18d0cab3161329fc099eb21783169c4f0c", size = 386536, upload-time = "2026-06-19T10:58:31.347Z" },
]

[[package]]
name = "tomlkit"
version = "0.15.1"
source = { registry = "https://pypi.org/simple" }
sdist = { url = "https://files.pythonhosted.org/packages/94/96/e07752635b98536177fa1f37671c8f3cdde2e724c6bcf6034b2cfb571565/tomlkit-0.15.1.tar.gz", hash = "sha256:e25bbf38843005246210a12982776f27f99cb9be67160e14434d0c0d21ee1e97", size = 180129, upload-time = "2026-07-17T01:48:04.562Z" }
wheels = [
    { url = "https://files.pythonhosted.org/packages/13/bc/8c13eb66537dce1d2bd3a57132902f38d0e7f5bb46fa9f4daed9fe9d76ee/tomlkit-0.15.1-py3-none-any.whl", hash = "sha256:177a05aece5a8ca5266fd3c448abb47b8d352f09d477d3ca8332db4d89b24304", size = 49449, upload-time = "2026-07-17T01:48:05.728Z" },
]

[[package]]
name = "trove-classifiers"
version = "2026.9.21.13"
source = { registry = "https://pypi.org/simple" }
sdist = { url = "https://files.pythonhosted.org/packages/bf/93/af436dfaa845cab5d96f0adbc1e4f3730532d37fa249e4eb796fb1d7fc82/trove_classifiers-2026.9.21.13.tar.gz", hash = "sha256:0a9ebc8d4e2f3e8a22848c5258033035bec17a3012ac3fea16dbaa764489eb71", size = 17085, upload-time = "2026-09-21T13:29:07.301Z" }
wheels = [
    { url = "https://files.pythonhosted.org/packages/30/81/0da8afb52a71d0a4f2bd3152357b1a441e393b286374802b9d3addab4ab5/trove_classifiers-2026.9.21.13-py3-none-any.whl", hash = "sha256:8b1ff4f9c191b1040b71c37f1e445ab99732911e3cd91de52838453a854d7a17", size = 14232, upload-time = "2026-09-21T13:29:06.123Z" },
]

[[package]]
name = "ty"
version = "0.0.83"
source = { registry = "https://pypi.org/simple" }
sdist = { url = "https://files.pythonhosted.org/packages/3b/7d/2fd9575bce2d14e2281bec82d0713dee68329b0dc944e9c06c2e36b761fe/ty-0.0.83.tar.gz", hash = "sha256:db118de73c05ac476faceb4d42d59782feaeddfc4d721fd3ae8b807a0a2ae4e4", size = 7373076, upload-time = "2026-09-21T22:47:29.207Z" }
wheels = [
    { url = "https://files.pythonhosted.org/packages/bf/85/7259431bade2317d8b82fa27220ae4618c21396acf0ca28a7bd75e92afd7/ty-0.0.83-py3-none-linux_armv6l.whl", hash = "sha256:836bc08bad96ecc7e38baf1a6ddaec15aa8c8b46ae99a96365397b5f6481b7a5", size = 13905669, upload-time = "2026-09-21T22:46:36.677Z" },
    { url = "https://files.pythonhosted.org/packages/d2/30/9527386ade8dd71fc52f65cde3c094411af7ad0d505f9063ef0841998702/ty-0.0.83-py3-none-macosx_10_12_x86_64.whl", hash = "sha256:0f1fb029fe076c7dca404d98e38fdb5fdbc2038a09407f89d43be1fdd9b2c459", size = 13499505, upload-time = "2026-09-21T22:46:40.114Z" },
    { url = "https://files.pythonhosted.org/packages/a0/54/63080d8cfd59a53810499a69a2ebc995724be27618b70d7f099e73ace317/ty-0.0.83-py3-none-macosx_11_0_arm64.whl", hash = "sha256:3515776d01ee3b1be974dafa73d449d0bc711afbc12ba341f82f70bc641ff4ee", size = 13498980, upload-time = "2026-09-21T22:46:43.197Z" },
    { url = "https://files.pythonhosted.org/packages/49/78/e647f190bd9513d09db30d45309e9b5df070b5caa44af2de3290fab59fbe/ty-0.0.83-py3-none-manylinux_2_17_aarch64.manylinux2014_aarch64.whl", hash = "sha256:c5b80d66c7f9c8d60f25ccfd40c6eaebe8fd7c9005074904e0e164dd89c13d03", size = 13494705, upload-time = "2026-09-21T22:46:46.106Z" },
    { url = "https://files.pythonhosted.org/packages/2e/12/aef645b13c5bd15e3e5993537dbc23f7d65475f3cf1755d07b4d3e56850d/ty-0.0.83-py3-none-manylinux_2_17_armv7l.manylinux2014_armv7l.whl", hash = "sha256:57eae4aa55dab1af5d1423227c6517ccab1e658fe265c8e5a58caa584ca2876b", size = 13661466, upload-time = "2026-09-21T22:46:49.392Z" },
    { url = "https://files.pythonhosted.org/packages/d4/c4/11872e823653c568468ef7f0c3b23aed7ad2d33652e20144d28d5bfad58a/ty-0.0.83-py3-none-manylinux_2_17_i686.manylinux2014_i686.whl", hash = "sha256:dea3680911340ecf93dff5786dbeefd69c9399df685a22751e1fbd27e6007b50", size = 14479677, upload-time = "2026-09-21T22:46:52.277Z" },
    { url = "https://files.pythonhosted.org/packages/8e/db/5b0d0d24d16d24d781f29ee842ee718903e453dc4068acb02bef860d5540/ty-0.0.83-py3-none-manylinux_2_17_ppc64le.manylinux2014_ppc64le.whl", hash = "sha256:8453786c274f48e2a89b78e8a505a4f449323f357f2ce26a9b90a4bd68176f67", size = 14972208, upload-time = "2026-09-21T22:46:55.242Z" },
    { url = "https://files.pythonhosted.org/packages/54/04/0077a53bcf6ceb41365a45d8091b52094c91a5f4b071c2a6d705ed8bb65b/ty-0.0.83-py3-none-manylinux_2_17_s390x.manylinux2014_s390x.whl", hash = "sha256:7701bdae3b52271cf0835abe4202aa3b23b735425d8c5a3e6a8ca1c68d39ead8", size = 14660550, upload-time = "2026-09-21T22:46:58.256Z" },
    { url = "https://files.pythonhosted.org/packages/d4/ff/b6c879f1c3121387edd19ebdb1fb02af30691f88f632278a5d467fb5f348/ty-0.0.83-py3-none-manylinux_2_17_x86_64.manylinux2014_x86_64.whl", hash = "sha256:aa95b4376447e5309fe3ccc98ee75916a9082714e6a029b99427ca62021dc94a", size = 14147376, upload-time = "2026-09-21T22:47:01.167Z" },
    { url = "https://files.pythonhosted.org/packages/0d/bc/82e730247d53cb02acd5a91237c0c62f215b2e0379689a550176d307ed89/ty-0.0.83-py3-none-manylinux_2_31_riscv64.whl", hash = "sha256:2a4550a08fc1899a33e4a08787a73ec9daa99d292268df4f0a5f1c24c63854c3", size = 14567502, upload-time = "2026-09-21T22:47:04.344Z" },
    { url = "https://files.pythonhosted.org/packages/67/13/bb6f57923231f51b626931625ada71e219d64541f8fadf96065bc5034358/ty-0.0.83-py3-none-musllinux_1_2_aarch64.whl", hash = "sha256:feb72080f0835fa2b27485e3b11fa50dc57c30e0ba73808a3f7d64b56db83f6f", size = 13443051, upload-time = "2026-09-21T22:47:07.316Z" },
    { url = "https://files.pythonhosted.org/packages/50/20/9862431662d4453527cd52cf0f30d5975cd1801aa39e570bf45fb299be77/ty-0.0.83-py3-none-musllinux_1_2_armv7l.whl", hash = "sha256:3e5206def2d6e1df93c75ed8dc763255233ccc3153647509d125bada10ad770a", size = 13678908, upload-time = "2026-09-21T22:47:10.714Z" },
    { url = "https://files.pythonhosted.org/packages/d7/e3/94ebbe1573b76660fa09f2dbce96da6d0bb69a2d29c7b6ad538b452979d4/ty-0.0.83-py3-none-musllinux_1_2_i686.whl", hash = "sha256:bdf5dfa157f5c127ba096fe0561b47877e6e79562c7fc2b35906ba5e9f6bb723", size = 13937248, upload-time = "2026-09-21T22:47:14.133Z" },
    { url = "https://files.pythonhosted.org/packages/2f/c0/3ea45c2ec3a82fddb7137e457ccb2a452446905430d225adaa4990cdc338/ty-0.0.83-py3-none-musllinux_1_2_x86_64.whl", hash = "sha256:626d6ad00f05a5d9b7ea80de44b12931d0c0fb50e64eab20b7fcc13e9aff2a68", size = 14290826, upload-time = "2026-09-21T22:47:16.874Z" },
    { url = "https://files.pythonhosted.org/packages/d8/b2/c941ce83a59e46ef31dd04bdf6067530e7ec77d5f0cdd1e223fbc6fc351b/ty-0.0.83-py3-none-win32.whl", hash = "sha256:0391017dac6ba3e452e0322301f50bba12fbccadac07d7fd888c46951ad37638", size = 13105291, upload-time = "2026-09-21T22:47:19.807Z" },
    { url = "https://files.pythonhosted.org/packages/b2/8a/5eef9458505698b144643cbd2062f465c5d860d8cf86a8710d74505ad9a0/ty-0.0.83-py3-none-win_amd64.whl", hash = "sha256:1b67d86f5bbad4076ae1a2ff23a6a4493219885d72d4b148cb0193e090390060", size = 13901557, upload-time = "2026-09-21T22:47:23.429Z" },
    { url = "https://files.pythonhosted.org/packages/9f/27/a06061513f1de25569c2e8898018bd552ab7b31afa7cfe818703269b3350/ty-0.0.83-py3-none-win_arm64.whl", hash = "sha256:a916a3d7d68fe30b7aacdb9fe16d461fa944d722e59e96ea0fa9d206a1b6625f", size = 13627960, upload-time = "2026-09-21T22:47:26.305Z" },
]
