version = 1
revision = 3
requires-python = ">=3.13"

[manifest]
members = [
    "manygo",
    "monorepo",
]

[[package]]
name = "attrs"
version = "25.3.0"
source = { registry = "https://pypi.org/simple" }
sdist = { url = "https://files.pythonhosted.org/packages/5a/b0/1367933a8532ee6ff8d63537de4f1177af4bff9f3e829baf7331f595bb24/attrs-25.3.0.tar.gz", hash = "sha256:75d7cefc7fb576747b2c81b4442d4d4a1ce0900973527c011d1030fd3bf4af1b", size = 812032, upload-time = "2025-03-13T11:10:22.779Z" }
wheels = [
    { url = "https://files.pythonhosted.org/packages/77/06/bb80f5f86020c4551da315d78b3ab75e8228f89f0162f2c3a819e407941a/attrs-25.3.0-py3-none-any.whl", hash = "sha256:427318ce031701fea540783410126f03899a97ffc6f61596ad581ac2e40e3bc3", size = 63815, upload-time = "2025-03-13T11:10:21.14Z" },
]

[[package]]
name = "certifi"
version = "2025.6.15"
source = { registry = "https://pypi.org/simple" }
sdist = { url = "https://files.pythonhosted.org/packages/73/f7/f14b46d4bcd21092d7d3ccef689615220d8a08fb25e564b65d20738e672e/certifi-2025.6.15.tar.gz", hash = "sha256:d747aa5a8b9bbbb1bb8c22bb13e22bd1f18e9796defa16bab421f7f7a317323b", size = 158753, upload-time = "2025-06-15T02:45:51.329Z" }
wheels = [
    { url = "https://files.pythonhosted.org/packages/84/ae/320161bd181fc06471eed047ecce67b693fd7515b16d495d8932db763426/certifi-2025.6.15-py3-none-any.whl", hash = "sha256:2e0c7ce7cb5d8f8634ca55d2ba7e6ec2689a2fd6537d8dec1296a477a4910057", size = 157650, upload-time = "2025-06-15T02:45:49.977Z" },
]

[[package]]
name = "cffi"
version = "1.17.1"
source = { registry = "https://pypi.org/simple" }
dependencies = [
    { name = "pycparser" },
]
sdist = { url = "https://files.pythonhosted.org/packages/fc/97/c783634659c2920c3fc70419e3af40972dbaf758daa229a7d6ea6135c90d/cffi-1.17.1.tar.gz", hash = "sha256:1c39c6016c32bc48dd54561950ebd6836e1670f2ae46128f67cf49e789c52824", size = 516621, upload-time = "2024-09-04T20:45:21.852Z" }
wheels = [
    { url = "https://files.pythonhosted.org/packages/bf/ee/f94057fa6426481d663b88637a9a10e859e492c73d0384514a17d78ee205/cffi-1.17.1-cp313-cp313-win32.whl", hash = "sha256:e03eab0a8677fa80d646b5ddece1cbeaf556c313dcfac435ba11f107ba117b5d", size = 172475, upload-time = "2024-09-04T20:44:43.733Z" },
    { url = "https://files.pythonhosted.org/packages/7c/fc/6a8cb64e5f0324877d503c854da15d76c1e50eb722e320b15345c4d0c6de/cffi-1.17.1-cp313-cp313-win_amd64.whl", hash = "sha256:f6a16c31041f09ead72d69f583767292f750d24913dadacf5756b966aacb3f1a", size = 182009, upload-time = "2024-09-04T20:44:45.309Z" },
]

[[package]]
name = "charset-normalizer"
version = "3.4.2"
source = { registry = "https://pypi.org/simple" }
sdist = { url = "https://files.pythonhosted.org/packages/e4/33/89c2ced2b67d1c2a61c19c6751aa8902d46ce3dacb23600a283619f5a12d/charset_normalizer-3.4.2.tar.gz", hash = "sha256:5baececa9ecba31eff645232d59845c07aa030f0c81ee70184a90d35099a0e63", size = 126367, upload-time = "2025-05-02T08:34:42.01Z" }
wheels = [
    { url = "https://files.pythonhosted.org/packages/ea/12/a93df3366ed32db1d907d7593a94f1fe6293903e3e92967bebd6950ed12c/charset_normalizer-3.4.2-cp313-cp313-macosx_10_13_universal2.whl", hash = "sha256:926ca93accd5d36ccdabd803392ddc3e03e6d4cd1cf17deff3b989ab8e9dbcf0", size = 199622, upload-time = "2025-05-02T08:32:56.363Z" },
    { url = "https://files.pythonhosted.org/packages/04/93/bf204e6f344c39d9937d3c13c8cd5bbfc266472e51fc8c07cb7f64fcd2de/charset_normalizer-3.4.2-cp313-cp313-manylinux_2_17_aarch64.manylinux2014_aarch64.whl", hash = "sha256:eba9904b0f38a143592d9fc0e19e2df0fa2e41c3c3745554761c5f6447eedabf", size = 143435, upload-time = "2025-05-02T08:32:58.551Z" },
    { url = "https://files.pythonhosted.org/packages/22/2a/ea8a2095b0bafa6c5b5a55ffdc2f924455233ee7b91c69b7edfcc9e02284/charset_normalizer-3.4.2-cp313-cp313-manylinux_2_17_ppc64le.manylinux2014_ppc64le.whl", hash = "sha256:3fddb7e2c84ac87ac3a947cb4e66d143ca5863ef48e4a5ecb83bd48619e4634e", size = 153653, upload-time = "2025-05-02T08:33:00.342Z" },
    { url = "https://files.pythonhosted.org/packages/b6/57/1b090ff183d13cef485dfbe272e2fe57622a76694061353c59da52c9a659/charset_normalizer-3.4.2-cp313-cp313-manylinux_2_17_s390x.manylinux2014_s390x.whl", hash = "sha256:98f862da73774290f251b9df8d11161b6cf25b599a66baf087c1ffe340e9bfd1", size = 146231, upload-time = "2025-05-02T08:33:02.081Z" },
    { url = "https://files.pythonhosted.org/packages/e2/28/ffc026b26f441fc67bd21ab7f03b313ab3fe46714a14b516f931abe1a2d8/charset_normalizer-3.4.2-cp313-cp313-manylinux_2_17_x86_64.manylinux2014_x86_64.whl", hash = "sha256:6c9379d65defcab82d07b2a9dfbfc2e95bc8fe0ebb1b176a3190230a3ef0e07c", size = 148243, upload-time = "2025-05-02T08:33:04.063Z" },
    { url = "https://files.pythonhosted.org/packages/c0/0f/9abe9bd191629c33e69e47c6ef45ef99773320e9ad8e9cb08b8ab4a8d4cb/charset_normalizer-3.4.2-cp313-cp313-manylinux_2_5_i686.manylinux1_i686.manylinux_2_17_i686.manylinux2014_i686.whl", hash = "sha256:e635b87f01ebc977342e2697d05b56632f5f879a4f15955dfe8cef2448b51691", size = 150442, upload-time = "2025-05-02T08:33:06.418Z" },
    { url = "https://files.pythonhosted.org/packages/67/7c/a123bbcedca91d5916c056407f89a7f5e8fdfce12ba825d7d6b9954a1a3c/charset_normalizer-3.4.2-cp313-cp313-musllinux_1_2_aarch64.whl", hash = "sha256:1c95a1e2902a8b722868587c0e1184ad5c55631de5afc0eb96bc4b0d738092c0", size = 145147, upload-time = "2025-05-02T08:33:08.183Z" },
    { url = "https://files.pythonhosted.org/packages/ec/fe/1ac556fa4899d967b83e9893788e86b6af4d83e4726511eaaad035e36595/charset_normalizer-3.4.2-cp313-cp313-musllinux_1_2_i686.whl", hash = "sha256:ef8de666d6179b009dce7bcb2ad4c4a779f113f12caf8dc77f0162c29d20490b", size = 153057, upload-time = "2025-05-02T08:33:09.986Z" },
    { url = "https://files.pythonhosted.org/packages/2b/ff/acfc0b0a70b19e3e54febdd5301a98b72fa07635e56f24f60502e954c461/charset_normalizer-3.4.2-cp313-cp313-musllinux_1_2_ppc64le.whl", hash = "sha256:32fc0341d72e0f73f80acb0a2c94216bd704f4f0bce10aedea38f30502b271ff", size = 156454, upload-time = "2025-05-02T08:33:11.814Z" },
    { url = "https://files.pythonhosted.org/packages/92/08/95b458ce9c740d0645feb0e96cea1f5ec946ea9c580a94adfe0b617f3573/charset_normalizer-3.4.2-cp313-cp313-musllinux_1_2_s390x.whl", hash = "sha256:289200a18fa698949d2b39c671c2cc7a24d44096784e76614899a7ccf2574b7b", size = 154174, upload-time = "2025-05-02T08:33:13.707Z" },
    { url = "https://files.pythonhosted.org/packages/78/be/8392efc43487ac051eee6c36d5fbd63032d78f7728cb37aebcc98191f1ff/charset_normalizer-3.4.2-cp313-cp313-musllinux_1_2_x86_64.whl", hash = "sha256:4a476b06fbcf359ad25d34a057b7219281286ae2477cc5ff5e3f70a246971148", size = 149166, upload-time = "2025-05-02T08:33:15.458Z" },
    { url = "https://files.pythonhosted.org/packages/44/96/392abd49b094d30b91d9fbda6a69519e95802250b777841cf3bda8fe136c/charset_normalizer-3.4.2-cp313-cp313-win32.whl", hash = "sha256:aaeeb6a479c7667fbe1099af9617c83aaca22182d6cf8c53966491a0f1b7ffb7", size = 98064, upload-time = "2025-05-02T08:33:17.06Z" },
    { url = "https://files.pythonhosted.org/packages/e9/b0/0200da600134e001d91851ddc797809e2fe0ea72de90e09bec5a2fbdaccb/charset_normalizer-3.4.2-cp313-cp313-win_amd64.whl", hash = "sha256:aa6af9e7d59f9c12b33ae4e9450619cf2488e2bbe9b44030905877f0b2324980", size = 105641, upload-time = "2025-05-02T08:33:18.753Z" },
    { url = "https://files.pythonhosted.org/packages/20/94/c5790835a017658cbfabd07f3bfb549140c3ac458cfc196323996b10095a/charset_normalizer-3.4.2-py3-none-any.whl", hash = "sha256:7f56930ab0abd1c45cd15be65cc741c28b1c9a34876ce8c17a2fa107810c0af0", size = 52626, upload-time = "2025-05-02T08:34:40.053Z" },
]

[[package]]
name = "colorama"
version = "0.4.6"
source = { registry = "https://pypi.org/simple" }
sdist = { url = "https://files.pythonhosted.org/packages/d8/53/6f443c9a4a8358a93a6792e2acffb9d9d5cb0a5cfd8802644b7b1c9a02e4/colorama-0.4.6.tar.gz", hash = "sha256:08695f5cb7ed6e0531a20572697297273c47b8cae5a63ffc6d6ed5c201be6e44", size = 27697, upload-time = "2022-10-25T02:36:22.414Z" }
wheels = [
    { url = "https://files.pythonhosted.org/packages/d1/d6/3965ed04c63042e047cb6a3e6ed1a63a35087b6a609aa3a15ed8ac56c221/colorama-0.4.6-py2.py3-none-any.whl", hash = "sha256:4f1d9991f5acc0ca119f9d443620b77f9d6b33703e51011c16baf57afb285fc6", size = 25335, upload-time = "2022-10-25T02:36:20.889Z" },
]

[[package]]
name = "h11"
version = "0.16.0"
source = { registry = "https://pypi.org/simple" }
sdist = { url = "https://files.pythonhosted.org/packages/01/ee/02a2c011bdab74c6fb3c75474d40b3052059d95df7e73351460c8588d963/h11-0.16.0.tar.gz", hash = "sha256:4e35b956cf45792e4caa5885e69fba00bdbc6ffafbfa020300e549b208ee5ff1", size = 101250, upload-time = "2025-04-24T03:35:25.427Z" }
wheels = [
    { url = "https://files.pythonhosted.org/packages/04/4b/29cac41a4d98d144bf5f6d33995617b185d14b22401f75ca86f384e87ff1/h11-0.16.0-py3-none-any.whl", hash = "sha256:63cf8bbe7522de3bf65932fda1d9c2772064ffb3dae62d55932da54b31cb6c86", size = 37515, upload-time = "2025-04-24T03:35:24.344Z" },
]

[[package]]
name = "hatchling"
version = "1.27.0"
source = { registry = "https://pypi.org/simple" }
dependencies = [
    { name = "packaging" },
    { name = "pathspec" },
    { name = "pluggy" },
    { name = "trove-classifiers" },
]
sdist = { url = "https://files.pythonhosted.org/packages/8f/8a/cc1debe3514da292094f1c3a700e4ca25442489731ef7c0814358816bb03/hatchling-1.27.0.tar.gz", hash = "sha256:971c296d9819abb3811112fc52c7a9751c8d381898f36533bb16f9791e941fd6", size = 54983, upload-time = "2024-12-15T17:08:11.894Z" }
wheels = [
    { url = "https://files.pythonhosted.org/packages/08/e7/ae38d7a6dfba0533684e0b2136817d667588ae3ec984c1a4e5df5eb88482/hatchling-1.27.0-py3-none-any.whl", hash = "sha256:d3a2f3567c4f926ea39849cdf924c7e99e6686c9c8e288ae1037c8fa2a5d937b", size = 75794, upload-time = "2024-12-15T17:08:10.364Z" },
]

[[package]]
name = "idna"
version = "3.10"
source = { registry = "https://pypi.org/simple" }
sdist = { url = "https://files.pythonhosted.org/packages/f1/70/7703c29685631f5a7590aa73f1f1d3fa9a380e654b86af429e0934a32f7d/idna-3.10.tar.gz", hash = "sha256:12f65c9b470abda6dc35cf8e63cc574b1c52b11df2c86030af0ac09b01b13ea9", size = 190490, upload-time = "2024-09-15T18:07:39.745Z" }
wheels = [
    { url = "https://files.pythonhosted.org/packages/76/c6/c88e154df9c4e1a2a66ccf0005a88dfb2650c1dffb6f5ce603dfbd452ce3/idna-3.10-py3-none-any.whl", hash = "sha256:946d195a0d259cbba61165e88e65941f16e9b36ea6ddb97f00452bae8b1287d3", size = 70442, upload-time = "2024-09-15T18:07:37.964Z" },
]

[[package]]
name = "iniconfig"
version = "2.1.0"
source = { registry = "https://pypi.org/simple" }
sdist = { url = "https://files.pythonhosted.org/packages/f2/97/ebf4da567aa6827c909642694d71c9fcf53e5b504f2d96afea02718862f3/iniconfig-2.1.0.tar.gz", hash = "sha256:3abbd2e30b36733fee78f9c7f7308f2d0050e88f0087fd25c2645f63c773e1c7", size = 4793, upload-time = "2025-03-19T20:09:59.721Z" }
wheels = [
    { url = "https://files.pythonhosted.org/packages/2c/e1/e6716421ea10d38022b952c159d5161ca1193197fb744506875fbb87ea7b/iniconfig-2.1.0-py3-none-any.whl", hash = "sha256:9deba5723312380e77435581c6bf4935c94cbfab9b1ed33ef8d238ea168eb760", size = 6050, upload-time = "2025-03-19T20:10:01.071Z" },
]

[[package]]
name = "manygo"
source = { editable = "manygo" }

[package.dev-dependencies]
dev = [
    { name = "pytest" },
    { name = "ty" },
]

[package.metadata]

[package.metadata.requires-dev]
dev = [
    { name = "pytest", specifier = ">=8.4.0" },
    { name = "ty", specifier = ">=0.0.1a28" },
]

[[package]]
name = "monorepo"
version = "0.0.0"
source = { virtual = "." }
dependencies = [
    { name = "selenium" },
    { name = "tweepy" },
]

[package.dev-dependencies]
dev = [
    { name = "hatchling" },
    { name = "manygo" },
    { name = "pytest" },
    { name = "ruff" },
    { name = "ty" },
]

[package.metadata]
requires-dist = [
    { name = "selenium", specifier = ">=4.35.0" },
    { name = "tweepy", specifier = ">=4.15.0" },
]

[package.metadata.requires-dev]
dev = [
    { name = "hatchling", specifier = ">=1.27.0" },
    { name = "manygo", editable = "manygo" },
    { name = "pytest", specifier = ">=8.4.0" },
    { name = "ruff", specifier = ">=0.12.9" },
    { name = "ty", specifier = ">=0.0.1a28" },
]

[[package]]
name = "oauthlib"
version = "3.2.2"
source = { registry = "https://pypi.org/simple" }
sdist = { url = "https://files.pythonhosted.org/packages/6d/fa/fbf4001037904031639e6bfbfc02badfc7e12f137a8afa254df6c4c8a670/oauthlib-3.2.2.tar.gz", hash = "sha256:9859c40929662bec5d64f34d01c99e093149682a3f38915dc0655d5a633dd918", size = 177352, upload-time = "2022-10-17T20:04:27.471Z" }
wheels = [
    { url = "https://files.pythonhosted.org/packages/7e/80/cab10959dc1faead58dc8384a781dfbf93cb4d33d50988f7a69f1b7c9bbe/oauthlib-3.2.2-py3-none-any.whl", hash = "sha256:8139f29aac13e25d502680e9e19963e83f16838d48a0d71c287fe40e7067fbca", size = 151688, upload-time = "2022-10-17T20:04:24.037Z" },
]

[[package]]
name = "outcome"
version = "1.3.0.post0"
source = { registry = "https://pypi.org/simple" }
dependencies = [
    { name = "attrs" },
]
sdist = { url = "https://files.pythonhosted.org/packages/98/df/77698abfac98571e65ffeb0c1fba8ffd692ab8458d617a0eed7d9a8d38f2/outcome-1.3.0.post0.tar.gz", hash = "sha256:9dcf02e65f2971b80047b377468e72a268e15c0af3cf1238e6ff14f7f91143b8", size = 21060, upload-time = "2023-10-26T04:26:04.361Z" }
wheels = [
    { url = "https://files.pythonhosted.org/packages/55/8b/5ab7257531a5d830fc8000c476e63c935488d74609b50f9384a643ec0a62/outcome-1.3.0.post0-py2.py3-none-any.whl", hash = "sha256:e771c5ce06d1415e356078d3bdd68523f284b4ce5419828922b6871e65eda82b", size = 10692, upload-time = "2023-10-26T04:26:02.532Z" },
]

[[package]]
name = "packaging"
version = "25.0"
source = { registry = "https://pypi.org/simple" }
sdist = { url = "https://files.pythonhosted.org/packages/a1/d4/1fc4078c65507b51b96ca8f8c3ba19e6a61c8253c72794544580a7b6c24d/packaging-25.0.tar.gz", hash = "sha256:d443872c98d677bf60f6a1f2f8c1cb748e8fe762d2bf9d3148b5599295b0fc4f", size = 165727, upload-time = "2025-04-19T11:48:59.673Z" }
wheels = [
    { url = "https://files.pythonhosted.org/packages/20/12/38679034af332785aac8774540895e234f4d07f7545804097de4b666afd8/packaging-25.0-py3-none-any.whl", hash = "sha256:29572ef2b1f17581046b3a2227d5c611fb25ec70ca1ba8554b24b0e69331a484", size = 66469, upload-time = "2025-04-19T11:48:57.875Z" },
]

[[package]]
name = "pathspec"
version = "0.12.1"
source = { registry = "https://pypi.org/simple" }
sdist = { url = "https://files.pythonhosted.org/packages/ca/bc/f35b8446f4531a7cb215605d100cd88b7ac6f44ab3fc94870c120ab3adbf/pathspec-0.12.1.tar.gz", hash = "sha256:a482d51503a1ab33b1c67a6c3813a26953dbdc71c31dacaef9a838c4e29f5712", size = 51043, upload-time = "2023-12-10T22:30:45Z" }
wheels = [
    { url = "https://files.pythonhosted.org/packages/cc/20/ff623b09d963f88bfde16306a54e12ee5ea43e9b597108672ff3a408aad6/pathspec-0.12.1-py3-none-any.whl", hash = "sha256:a0d503e138a4c123b27490a4f7beda6a01c6f288df0e4a8b79c7eb0dc7b4cc08", size = 31191, upload-time = "2023-12-10T22:30:43.14Z" },
]

[[package]]
name = "pluggy"
version = "1.6.0"
source = { registry = "https://pypi.org/simple" }
sdist = { url = "https://files.pythonhosted.org/packages/f9/e2/3e91f31a7d2b083fe6ef3fa267035b518369d9511ffab804f839851d2779/pluggy-1.6.0.tar.gz", hash = "sha256:7dcc130b76258d33b90f61b658791dede3486c3e6bfb003ee5c9bfb396dd22f3", size = 69412, upload-time = "2025-05-15T12:30:07.975Z" }
wheels = [
    { url = "https://files.pythonhosted.org/packages/54/20/4d324d65cc6d9205fabedc306948156824eb9f0ee1633355a8f7ec5c66bf/pluggy-1.6.0-py3-none-any.whl", hash = "sha256:e920276dd6813095e9377c0bc5566d94c932c33b27a3e3945d8389c374dd4746", size = 20538, upload-time = "2025-05-15T12:30:06.134Z" },
]

[[package]]
name = "pycparser"
version = "2.22"
source = { registry = "https://pypi.org/simple" }
sdist = { url = "https://files.pythonhosted.org/packages/1d/b2/31537cf4b1ca988837256c910a668b553fceb8f069bedc4b1c826024b52c/pycparser-2.22.tar.gz", hash = "sha256:491c8be9c040f5390f5bf44a5b07752bd07f56edf992381b05c701439eec10f6", size = 172736, upload-time = "2024-03-30T13:22:22.564Z" }
wheels = [
    { url = "https://files.pythonhosted.org/packages/13/a3/a812df4e2dd5696d1f351d58b8fe16a405b234ad2886a0dab9183fb78109/pycparser-2.22-py3-none-any.whl", hash = "sha256:c3702b6d3dd8c7abc1afa565d7e63d53a1d0bd86cdc24edd75470f4de499cfcc", size = 117552, upload-time = "2024-03-30T13:22:20.476Z" },
]

[[package]]
name = "pygments"
version = "2.19.2"
source = { registry = "https://pypi.org/simple" }
sdist = { url = "https://files.pythonhosted.org/packages/b0/77/a5b8c569bf593b0140bde72ea885a803b82086995367bf2037de0159d924/pygments-2.19.2.tar.gz", hash = "sha256:636cb2477cec7f8952536970bc533bc43743542f70392ae026374600add5b887", size = 4968631, upload-time = "2025-06-21T13:39:12.283Z" }
wheels = [
    { url = "https://files.pythonhosted.org/packages/c7/21/705964c7812476f378728bdf590ca4b771ec72385c533964653c68e86bdc/pygments-2.19.2-py3-none-any.whl", hash = "sha256:86540386c03d588bb81d44bc3928634ff26449851e99741617ecb9037ee5ec0b", size = 1225217, upload-time = "2025-06-21T13:39:07.939Z" },
]

[[package]]
name = "pysocks"
version = "1.7.1"
source = { registry = "https://pypi.org/simple" }
sdist = { url = "https://files.pythonhosted.org/packages/bd/11/293dd436aea955d45fc4e8a35b6ae7270f5b8e00b53cf6c024c83b657a11/PySocks-1.7.1.tar.gz", hash = "sha256:3f8804571ebe159c380ac6de37643bb4685970655d3bba243530d6558b799aa0", size = 284429, upload-time = "2019-09-20T02:07:35.714Z" }
wheels = [
    { url = "https://files.pythonhosted.org/packages/8d/59/b4572118e098ac8e46e399a1dd0f2d85403ce8bbaad9ec79373ed6badaf9/PySocks-1.7.1-py3-none-any.whl", hash = "sha256:2725bd0a9925919b9b51739eea5f9e2bae91e83288108a9ad338b2e3a4435ee5", size = 16725, upload-time = "2019-09-20T02:06:22.938Z" },
]

[[package]]
name = "pytest"
version = "8.4.0"
source = { registry = "https://pypi.org/simple" }
dependencies = [
    { name = "colorama", marker = "sys_platform == 'win32'" },
    { name = "iniconfig" },
    { name = "packaging" },
    { name = "pluggy" },
    { name = "pygments" },
]
sdist = { url = "https://files.pythonhosted.org/packages/fb/aa/405082ce2749be5398045152251ac69c0f3578c7077efc53431303af97ce/pytest-8.4.0.tar.gz", hash = "sha256:14d920b48472ea0dbf68e45b96cd1ffda4705f33307dcc86c676c1b5104838a6", size = 1515232, upload-time = "2025-06-02T17:36:30.03Z" }
wheels = [
    { url = "https://files.pythonhosted.org/packages/2f/de/afa024cbe022b1b318a3d224125aa24939e99b4ff6f22e0ba639a2eaee47/pytest-8.4.0-py3-none-any.whl", hash = "sha256:f40f825768ad76c0977cbacdf1fd37c6f7a468e460ea6a0636078f8972d4517e", size = 363797, upload-time = "2025-06-02T17:36:27.859Z" },
]

[[package]]
name = "requests"
version = "2.32.4"
source = { registry = "https://pypi.org/simple" }
dependencies = [
    { name = "certifi" },
    { name = "charset-normalizer" },
    { name = "idna" },
    { name = "urllib3" },
]
sdist = { url = "https://files.pythonhosted.org/packages/e1/0a/929373653770d8a0d7ea76c37de6e41f11eb07559b103b1c02cafb3f7cf8/requests-2.32.4.tar.gz", hash = "sha256:27d0316682c8a29834d3264820024b62a36942083d52caf2f14c0591336d3422", size = 135258, upload-time = "2025-06-09T16:43:07.34Z" }
wheels = [
    { url = "https://files.pythonhosted.org/packages/7c/e4/56027c4a6b4ae70ca9de302488c5ca95ad4a39e190093d6c1a8ace08341b/requests-2.32.4-py3-none-any.whl", hash = "sha256:27babd3cda2a6d50b30443204ee89830707d396671944c998b5975b031ac2b2c", size = 64847, upload-time = "2025-06-09T16:43:05.728Z" },
]

[[package]]
name = "requests-oauthlib"
version = "2.0.0"
source = { registry = "https://pypi.org/simple" }
dependencies = [
    { name = "oauthlib" },
    { name = "requests" },
]
sdist = { url = "https://files.pythonhosted.org/packages/42/f2/05f29bc3913aea15eb670be136045bf5c5bbf4b99ecb839da9b422bb2c85/requests-oauthlib-2.0.0.tar.gz", hash = "sha256:b3dffaebd884d8cd778494369603a9e7b58d29111bf6b41bdc2dcd87203af4e9", size = 55650, upload-time = "2024-03-22T20:32:29.939Z" }
wheels = [
    { url = "https://files.pythonhosted.org/packages/3b/5d/63d4ae3b9daea098d5d6f5da83984853c1bbacd5dc826764b249fe119d24/requests_oauthlib-2.0.0-py2.py3-none-any.whl", hash = "sha256:7dd8a5c40426b779b0868c404bdef9768deccf22749cde15852df527e6269b36", size = 24179, upload-time = "2024-03-22T20:32:28.055Z" },
]

[[package]]
name = "ruff"
version = "0.12.9"
source = { registry = "https://pypi.org/simple" }
sdist = { url = "https://files.pythonhosted.org/packages/4a/45/2e403fa7007816b5fbb324cb4f8ed3c7402a927a0a0cb2b6279879a8bfdc/ruff-0.12.9.tar.gz", hash = "sha256:fbd94b2e3c623f659962934e52c2bea6fc6da11f667a427a368adaf3af2c866a", size = 5254702, upload-time = "2025-08-14T16:08:55.2Z" }
wheels = [
    { url = "https://files.pythonhosted.org/packages/ad/20/53bf098537adb7b6a97d98fcdebf6e916fcd11b2e21d15f8c171507909cc/ruff-0.12.9-py3-none-linux_armv6l.whl", hash = "sha256:fcebc6c79fcae3f220d05585229463621f5dbf24d79fdc4936d9302e177cfa3e", size = 11759705, upload-time = "2025-08-14T16:08:12.968Z" },
    { url = "https://files.pythonhosted.org/packages/20/4d/c764ee423002aac1ec66b9d541285dd29d2c0640a8086c87de59ebbe80d5/ruff-0.12.9-py3-none-macosx_10_12_x86_64.whl", hash = "sha256:aed9d15f8c5755c0e74467731a007fcad41f19bcce41cd75f768bbd687f8535f", size = 12527042, upload-time = "2025-08-14T16:08:16.54Z" },
    { url = "https://files.pythonhosted.org/packages/8b/45/cfcdf6d3eb5fc78a5b419e7e616d6ccba0013dc5b180522920af2897e1be/ruff-0.12.9-py3-none-macosx_11_0_arm64.whl", hash = "sha256:5b15ea354c6ff0d7423814ba6d44be2807644d0c05e9ed60caca87e963e93f70", size = 11724457, upload-time = "2025-08-14T16:08:18.686Z" },
    { url = "https://files.pythonhosted.org/packages/72/e6/44615c754b55662200c48bebb02196dbb14111b6e266ab071b7e7297b4ec/ruff-0.12.9-py3-none-manylinux_2_17_aarch64.manylinux2014_aarch64.whl", hash = "sha256:d596c2d0393c2502eaabfef723bd74ca35348a8dac4267d18a94910087807c53", size = 11949446, upload-time = "2025-08-14T16:08:21.059Z" },
    { url = "https://files.pythonhosted.org/packages/fd/d1/9b7d46625d617c7df520d40d5ac6cdcdf20cbccb88fad4b5ecd476a6bb8d/ruff-0.12.9-py3-none-manylinux_2_17_armv7l.manylinux2014_armv7l.whl", hash = "sha256:1b15599931a1a7a03c388b9c5df1bfa62be7ede6eb7ef753b272381f39c3d0ff", size = 11566350, upload-time = "2025-08-14T16:08:23.433Z" },
    { url = "https://files.pythonhosted.org/packages/59/20/b73132f66f2856bc29d2d263c6ca457f8476b0bbbe064dac3ac3337a270f/ruff-0.12.9-py3-none-manylinux_2_17_i686.manylinux2014_i686.whl", hash = "sha256:3d02faa2977fb6f3f32ddb7828e212b7dd499c59eb896ae6c03ea5c303575756", size = 13270430, upload-time = "2025-08-14T16:08:25.837Z" },
    { url = "https://files.pythonhosted.org/packages/a2/21/eaf3806f0a3d4c6be0a69d435646fba775b65f3f2097d54898b0fd4bb12e/ruff-0.12.9-py3-none-manylinux_2_17_ppc64.manylinux2014_ppc64.whl", hash = "sha256:17d5b6b0b3a25259b69ebcba87908496e6830e03acfb929ef9fd4c58675fa2ea", size = 14264717, upload-time = "2025-08-14T16:08:27.907Z" },
    { url = "https://files.pythonhosted.org/packages/d2/82/1d0c53bd37dcb582b2c521d352fbf4876b1e28bc0d8894344198f6c9950d/ruff-0.12.9-py3-none-manylinux_2_17_ppc64le.manylinux2014_ppc64le.whl", hash = "sha256:72db7521860e246adbb43f6ef464dd2a532ef2ef1f5dd0d470455b8d9f1773e0", size = 13684331, upload-time = "2025-08-14T16:08:30.352Z" },
    { url = "https://files.pythonhosted.org/packages/3b/2f/1c5cf6d8f656306d42a686f1e207f71d7cebdcbe7b2aa18e4e8a0cb74da3/ruff-0.12.9-py3-none-manylinux_2_17_s390x.manylinux2014_s390x.whl", hash = "sha256:a03242c1522b4e0885af63320ad754d53983c9599157ee33e77d748363c561ce", size = 12739151, upload-time = "2025-08-14T16:08:32.55Z" },
    { url = "https://files.pythonhosted.org/packages/47/09/25033198bff89b24d734e6479e39b1968e4c992e82262d61cdccaf11afb9/ruff-0.12.9-py3-none-manylinux_2_17_x86_64.manylinux2014_x86_64.whl", hash = "sha256:9fc83e4e9751e6c13b5046d7162f205d0a7bac5840183c5beebf824b08a27340", size = 12954992, upload-time = "2025-08-14T16:08:34.816Z" },
    { url = "https://files.pythonhosted.org/packages/52/8e/d0dbf2f9dca66c2d7131feefc386523404014968cd6d22f057763935ab32/ruff-0.12.9-py3-none-manylinux_2_31_riscv64.whl", hash = "sha256:881465ed56ba4dd26a691954650de6ad389a2d1fdb130fe51ff18a25639fe4bb", size = 12899569, upload-time = "2025-08-14T16:08:36.852Z" },
    { url = "https://files.pythonhosted.org/packages/a0/bd/b614d7c08515b1428ed4d3f1d4e3d687deffb2479703b90237682586fa66/ruff-0.12.9-py3-none-musllinux_1_2_aarch64.whl", hash = "sha256:43f07a3ccfc62cdb4d3a3348bf0588358a66da756aa113e071b8ca8c3b9826af", size = 11751983, upload-time = "2025-08-14T16:08:39.314Z" },
    { url = "https://files.pythonhosted.org/packages/58/d6/383e9f818a2441b1a0ed898d7875f11273f10882f997388b2b51cb2ae8b5/ruff-0.12.9-py3-none-musllinux_1_2_armv7l.whl", hash = "sha256:07adb221c54b6bba24387911e5734357f042e5669fa5718920ee728aba3cbadc", size = 11538635, upload-time = "2025-08-14T16:08:41.297Z" },
    { url = "https://files.pythonhosted.org/packages/20/9c/56f869d314edaa9fc1f491706d1d8a47747b9d714130368fbd69ce9024e9/ruff-0.12.9-py3-none-musllinux_1_2_i686.whl", hash = "sha256:f5cd34fabfdea3933ab85d72359f118035882a01bff15bd1d2b15261d85d5f66", size = 12534346, upload-time = "2025-08-14T16:08:43.39Z" },
    { url = "https://files.pythonhosted.org/packages/bd/4b/d8b95c6795a6c93b439bc913ee7a94fda42bb30a79285d47b80074003ee7/ruff-0.12.9-py3-none-musllinux_1_2_x86_64.whl", hash = "sha256:f6be1d2ca0686c54564da8e7ee9e25f93bdd6868263805f8c0b8fc6a449db6d7", size = 13017021, upload-time = "2025-08-14T16:08:45.889Z" },
    { url = "https://files.pythonhosted.org/packages/c7/c1/5f9a839a697ce1acd7af44836f7c2181cdae5accd17a5cb85fcbd694075e/ruff-0.12.9-py3-none-win32.whl", hash = "sha256:cc7a37bd2509974379d0115cc5608a1a4a6c4bff1b452ea69db83c8855d53f93", size = 11734785, upload-time = "2025-08-14T16:08:48.062Z" },
    { url = "https://files.pythonhosted.org/packages/fa/66/cdddc2d1d9a9f677520b7cfc490d234336f523d4b429c1298de359a3be08/ruff-0.12.9-py3-none-win_amd64.whl", hash = "sha256:6fb15b1977309741d7d098c8a3cb7a30bc112760a00fb6efb7abc85f00ba5908", size = 12840654, upload-time = "2025-08-14T16:08:50.158Z" },
    { url = "https://files.pythonhosted.org/packages/ac/fd/669816bc6b5b93b9586f3c1d87cd6bc05028470b3ecfebb5938252c47a35/ruff-0.12.9-py3-none-win_arm64.whl", hash = "sha256:63c8c819739d86b96d500cce885956a1a48ab056bbcbc61b747ad494b2485089", size = 11949623, upload-time = "2025-08-14T16:08:52.233Z" },
]

[[package]]
name = "selenium"
version = "4.35.0"
source = { registry = "https://pypi.org/simple" }
dependencies = [
    { name = "certifi" },
    { name = "trio" },
    { name = "trio-websocket" },
    { name = "typing-extensions" },
    { name = "urllib3", extra = ["socks"] },
    { name = "websocket-client" },
]
sdist = { url = "https://files.pythonhosted.org/packages/75/67/9016942b5781843cfea6f5bc1383cea852d9fa08f85f55a0547874525b5c/selenium-4.35.0.tar.gz", hash = "sha256:83937a538afb40ef01e384c1405c0863fa184c26c759d34a1ebbe7b925d3481c", size = 907991, upload-time = "2025-08-12T15:46:40.822Z" }
wheels = [
    { url = "https://files.pythonhosted.org/packages/17/ef/d0e033e1b3f19a0325ce03863b68d709780908381135fc0f9436dea76a7b/selenium-4.35.0-py3-none-any.whl", hash = "sha256:90bb6c6091fa55805785cf1660fa1e2176220475ccdb466190f654ef8eef6114", size = 9602106, upload-time = "2025-08-12T15:46:38.244Z" },
]

[[package]]
name = "sniffio"
version = "1.3.1"
source = { registry = "https://pypi.org/simple" }
sdist = { url = "https://files.pythonhosted.org/packages/a2/87/a6771e1546d97e7e041b6ae58d80074f81b7d5121207425c964ddf5cfdbd/sniffio-1.3.1.tar.gz", hash = "sha256:f4324edc670a0f49750a81b895f35c3adb843cca46f0530f79fc1babb23789dc", size = 20372, upload-time = "2024-02-25T23:20:04.057Z" }
wheels = [
    { url = "https://files.pythonhosted.org/packages/e9/44/75a9c9421471a6c4805dbf2356f7c181a29c1879239abab1ea2cc8f38b40/sniffio-1.3.1-py3-none-any.whl", hash = "sha256:2f6da418d1f1e0fddd844478f41680e794e6051915791a034ff65e5f100525a2", size = 10235, upload-time = "2024-02-25T23:20:01.196Z" },
]

[[package]]
name = "sortedcontainers"
version = "2.4.0"
source = { registry = "https://pypi.org/simple" }
sdist = { url = "https://files.pythonhosted.org/packages/e8/c4/ba2f8066cceb6f23394729afe52f3bf7adec04bf9ed2c820b39e19299111/sortedcontainers-2.4.0.tar.gz", hash = "sha256:25caa5a06cc30b6b83d11423433f65d1f9d76c4c6a0c90e3379eaa43b9bfdb88", size = 30594, upload-time = "2021-05-16T22:03:42.897Z" }
wheels = [
    { url = "https://files.pythonhosted.org/packages/32/46/9cb0e58b2deb7f82b84065f37f3bffeb12413f947f9388e4cac22c4621ce/sortedcontainers-2.4.0-py2.py3-none-any.whl", hash = "sha256:a163dcaede0f1c021485e957a39245190e74249897e2ae4b2aa38595db237ee0", size = 29575, upload-time = "2021-05-16T22:03:41.177Z" },
]

[[package]]
name = "trio"
version = "0.30.0"
source = { registry = "https://pypi.org/simple" }
dependencies = [
    { name = "attrs" },
    { name = "cffi", marker = "implementation_name != 'pypy' and os_name == 'nt'" },
    { name = "idna" },
    { name = "outcome" },
    { name = "sniffio" },
    { name = "sortedcontainers" },
]
sdist = { url = "https://files.pythonhosted.org/packages/01/c1/68d582b4d3a1c1f8118e18042464bb12a7c1b75d64d75111b297687041e3/trio-0.30.0.tar.gz", hash = "sha256:0781c857c0c81f8f51e0089929a26b5bb63d57f927728a5586f7e36171f064df", size = 593776, upload-time = "2025-04-21T00:48:19.507Z" }
wheels = [
    { url = "https://files.pythonhosted.org/packages/69/8e/3f6dfda475ecd940e786defe6df6c500734e686c9cd0a0f8ef6821e9b2f2/trio-0.30.0-py3-none-any.whl", hash = "sha256:3bf4f06b8decf8d3cf00af85f40a89824669e2d033bb32469d34840edcfc22a5", size = 499194, upload-time = "2025-04-21T00:48:17.167Z" },
]

[[package]]
name = "trio-websocket"
version = "0.12.2"
source = { registry = "https://pypi.org/simple" }
dependencies = [
    { name = "outcome" },
    { name = "trio" },
    { name = "wsproto" },
]
sdist = { url = "https://files.pythonhosted.org/packages/d1/3c/8b4358e81f2f2cfe71b66a267f023a91db20a817b9425dd964873796980a/trio_websocket-0.12.2.tar.gz", hash = "sha256:22c72c436f3d1e264d0910a3951934798dcc5b00ae56fc4ee079d46c7cf20fae", size = 33549, upload-time = "2025-02-25T05:16:58.947Z" }
wheels = [
    { url = "https://files.pythonhosted.org/packages/c7/19/eb640a397bba49ba49ef9dbe2e7e5c04202ba045b6ce2ec36e9cadc51e04/trio_websocket-0.12.2-py3-none-any.whl", hash = "sha256:df605665f1db533f4a386c94525870851096a223adcb97f72a07e8b4beba45b6", size = 21221, upload-time = "2025-02-25T05:16:57.545Z" },
]

[[package]]
name = "trove-classifiers"
version = "2025.5.9.12"
source = { registry = "https://pypi.org/simple" }
sdist = { url = "https://files.pythonhosted.org/packages/38/04/1cd43f72c241fedcf0d9a18d0783953ee301eac9e5d9db1df0f0f089d9af/trove_classifiers-2025.5.9.12.tar.gz", hash = "sha256:7ca7c8a7a76e2cd314468c677c69d12cc2357711fcab4a60f87994c1589e5cb5", size = 16940, upload-time = "2025-05-09T12:04:48.829Z" }
wheels = [
    { url = "https://files.pythonhosted.org/packages/92/ef/c6deb083748be3bcad6f471b6ae983950c161890bf5ae1b2af80cc56c530/trove_classifiers-2025.5.9.12-py3-none-any.whl", hash = "sha256:e381c05537adac78881c8fa345fd0e9970159f4e4a04fcc42cfd3129cca640ce", size = 14119, upload-time = "2025-05-09T12:04:46.38Z" },
]

[[package]]
name = "tweepy"
version = "4.15.0"
source = { registry = "https://pypi.org/simple" }
dependencies = [
    { name = "oauthlib" },
    { name = "requests" },
    { name = "requests-oauthlib" },
]
sdist = { url = "https://files.pythonhosted.org/packages/99/05/7c2c01bd62900eff24534779f1e1531491dfd872edb6a9d432ae91e18b4b/tweepy-4.15.0.tar.gz", hash = "sha256:1345cbcdf0a75e2d89f424c559fd49fda4d8cd7be25cd5131e3b57bad8a21d76", size = 100268, upload-time = "2025-01-15T21:25:05.307Z" }
wheels = [
    { url = "https://files.pythonhosted.org/packages/81/53/ca632ec02085b5c432e98ae1f872a21f2b6bb6c3d022dcf586809cc65cd0/tweepy-4.15.0-py3-none-any.whl", hash = "sha256:64adcea317158937059e4e2897b3ceb750b0c2dd5df58938c2da8f7eb3b88e6a", size = 99379, upload-time = "2025-01-15T21:25:02.856Z" },
]

[[package]]
name = "ty"
version = "0.0.1a28"
source = { registry = "https://pypi.org/simple" }
sdist = { url = "https://files.pythonhosted.org/packages/10/8b/8a87df1d93ad4e2e88f08f94941b9f9479ccb323100fb52253cecbde8978/ty-0.0.1a28.tar.gz", hash = "sha256:6454f2bc0d5b716aeaba3e32c4585a14a0d6bfc7e90d5aba64539fa33df824c4", size = 4584440, upload-time = "2025-11-26T00:27:09.499Z" }
wheels = [
    { url = "https://files.pythonhosted.org/packages/24/7a/768f3d9945066a9a44f9ed280e4717409b772fca1ef165e112827abf2ee6/ty-0.0.1a28-py3-none-linux_armv6l.whl", hash = "sha256:0ea28aaaf35176a75ce85da7a4b7f577f3a3319a1eb4d13c0105629e239a7d95", size = 9500811, upload-time = "2025-11-26T00:27:26.134Z" },
    { url = "https://files.pythonhosted.org/packages/bc/cc/d6e4e433bd91043d1eb2ecc7908000585100a5cbdd548d85082e1e07865d/ty-0.0.1a28-py3-none-macosx_10_12_x86_64.whl", hash = "sha256:463f8b6bee5c3d338a535c40764a4f209f5465caecbc9f7358ee2a7f8b2d321e", size = 9286280, upload-time = "2025-11-26T00:27:27.753Z" },
    { url = "https://files.pythonhosted.org/packages/77/68/00e8e7f280fbef2e89df10e6c9ce896dd6716bffc2e8e7ece58503b767e5/ty-0.0.1a28-py3-none-macosx_11_0_arm64.whl", hash = "sha256:7d037ea9f896e6e9b96ca066959e2a7600db0da9e4038f1247c9337af253cc8c", size = 8810453, upload-time = "2025-11-26T00:27:07.812Z" },
    { url = "https://files.pythonhosted.org/packages/10/1b/ef72e26f487272b60156e0f527a5fbc27da799accad3420d01bc08101ca8/ty-0.0.1a28-py3-none-manylinux_2_17_aarch64.manylinux2014_aarch64.whl", hash = "sha256:ad5099ffaa891391733d6fd85bcdd00ad68042a2da4f80a114b9e7044e6f7460", size = 9098344, upload-time = "2025-11-26T00:27:22.531Z" },
    { url = "https://files.pythonhosted.org/packages/64/0b/e56c5623c604d20fa26d320a73bc4fb7c2db28e14ba021409c767c4ddfdf/ty-0.0.1a28-py3-none-manylinux_2_17_armv7l.manylinux2014_armv7l.whl", hash = "sha256:587652aecb8d238adcb45ae7cd12efd27b9778f74b636cbbe5dcc2e938f9af4e", size = 9303714, upload-time = "2025-11-26T00:26:57.946Z" },
    { url = "https://files.pythonhosted.org/packages/eb/04/61518d3eac0357305e3a06c9a4cedbb49bc9f343d38ba26194c15a81f22e/ty-0.0.1a28-py3-none-manylinux_2_17_i686.manylinux2014_i686.whl", hash = "sha256:7d9556c87419264ffc3071a249f89d890a29df5d09abd8d216bac850ad2d7ba9", size = 9668395, upload-time = "2025-11-26T00:27:12.893Z" },
    { url = "https://files.pythonhosted.org/packages/fd/01/ef22fc8e3d9415d2ab2def0f562fe6ee7ae28b99dc180acd636486a9f818/ty-0.0.1a28-py3-none-manylinux_2_17_ppc64.manylinux2014_ppc64.whl", hash = "sha256:7481abc03a0aabf966c9e1cccb18c9edbb7cf01ec011568cd24feb1ab45faef7", size = 10269943, upload-time = "2025-11-26T00:27:02.018Z" },
    { url = "https://files.pythonhosted.org/packages/16/f7/bb94f55c6f3bfc3da543e6b1ec32877e107b2afb8cae3057ae9f5a8f4eaa/ty-0.0.1a28-py3-none-manylinux_2_17_ppc64le.manylinux2014_ppc64le.whl", hash = "sha256:76fd4926f668b733aeadd09f7d16e63af30cba5438bbba1274f950a1059c8d64", size = 10023310, upload-time = "2025-11-26T00:27:29.523Z" },
    { url = "https://files.pythonhosted.org/packages/9a/58/ebaefa1b27b4aea8156f1b43d6d431afd8061e76e1c96e83dad8a0dcb555/ty-0.0.1a28-py3-none-manylinux_2_17_s390x.manylinux2014_s390x.whl", hash = "sha256:8fb119d7db1a064dd74ccedf78bdc5caae30cf5de421dff972a849bcff411269", size = 10034408, upload-time = "2025-11-26T00:27:18.561Z" },
    { url = "https://files.pythonhosted.org/packages/da/66/97be24c8abbcd803dab65cd2b430330e449e4542c0e0396e15fe32f4e2c2/ty-0.0.1a28-py3-none-manylinux_2_17_x86_64.manylinux2014_x86_64.whl", hash = "sha256:dd7f7d744920af9ceaf7fe6db290366abefbcffd7cce54f15e8cef6a86e2df31", size = 9597359, upload-time = "2025-11-26T00:27:03.803Z" },
    { url = "https://files.pythonhosted.org/packages/e2/c8/a7451f1ca4d8ed12c025a5c306e9527bd9269abacdf2b2b8d0ca8bb90a13/ty-0.0.1a28-py3-none-musllinux_1_2_aarch64.whl", hash = "sha256:c20c6cf7e786ecf6c8f34892240b4b1ae8b1adce52243868aa400c80b7a9bc1d", size = 9069439, upload-time = "2025-11-26T00:27:14.768Z" },
    { url = "https://files.pythonhosted.org/packages/e4/b9/d212887e13f3db925287f6be5addaf37190070956c960c73e22f93509273/ty-0.0.1a28-py3-none-musllinux_1_2_armv7l.whl", hash = "sha256:54c94a06c0236dfd249217e28816b6aedfc40e71d5b5131924efa3b095dfcf1a", size = 9332037, upload-time = "2025-11-26T00:27:00.138Z" },
    { url = "https://files.pythonhosted.org/packages/1d/14/3dc72136a72d354cdc93b509c35f4a426869879fa9e0346f1cd7d2bba3f7/ty-0.0.1a28-py3-none-musllinux_1_2_i686.whl", hash = "sha256:1a15eb2535229ab65aaafbe3fb22c3d289c4e34cda92fb748815573b6d52fe3a", size = 9428504, upload-time = "2025-11-26T00:27:16.541Z" },
    { url = "https://files.pythonhosted.org/packages/d5/65/e15984e245fe330dfdc665cc7c492c633149ff97b3f95af32bdd08b74fdb/ty-0.0.1a28-py3-none-musllinux_1_2_x86_64.whl", hash = "sha256:6c2ebd5314707cd26aabe77b1d664e597b7b29a8d07fed5091f986ebdaa261a9", size = 9720869, upload-time = "2025-11-26T00:27:20.721Z" },
    { url = "https://files.pythonhosted.org/packages/a5/91/5826e5f78fc5ee685b34a1904cb5da8b3ab83d4c04e5574c4542728c2422/ty-0.0.1a28-py3-none-win32.whl", hash = "sha256:ae10abd8575d28744d905979632040222581ba364281abf75baf8f269a10ffc3", size = 8950581, upload-time = "2025-11-26T00:27:24.346Z" },
    { url = "https://files.pythonhosted.org/packages/4f/5e/6380d565dfb286634facbe71fb389dc9a8d4379f18d55a6feac392bd5755/ty-0.0.1a28-py3-none-win_amd64.whl", hash = "sha256:44ef82c1169c050ad9e91b2d76251be097ddd163719735cf7e5a978065f6b87c", size = 9789598, upload-time = "2025-11-26T00:27:05.549Z" },
    { url = "https://files.pythonhosted.org/packages/55/48/fec040641bd4c9599fecc0bb74e697c79ea3fa234b25b04b68823aca55a5/ty-0.0.1a28-py3-none-win_arm64.whl", hash = "sha256:051c1d43df50366fb8e795ae52af8f2015b79d176dbb82cdd45668074847ddf3", size = 9278405, upload-time = "2025-11-26T00:27:11.066Z" },
]

[[package]]
name = "typing-extensions"
version = "4.14.1"
source = { registry = "https://pypi.org/simple" }
sdist = { url = "https://files.pythonhosted.org/packages/98/5a/da40306b885cc8c09109dc2e1abd358d5684b1425678151cdaed4731c822/typing_extensions-4.14.1.tar.gz", hash = "sha256:38b39f4aeeab64884ce9f74c94263ef78f3c22467c8724005483154c26648d36", size = 107673, upload-time = "2025-07-04T13:28:34.16Z" }
wheels = [
    { url = "https://files.pythonhosted.org/packages/b5/00/d631e67a838026495268c2f6884f3711a15a9a2a96cd244fdaea53b823fb/typing_extensions-4.14.1-py3-none-any.whl", hash = "sha256:d1e1e3b58374dc93031d6eda2420a48ea44a36c2b4766a4fdeb3710755731d76", size = 43906, upload-time = "2025-07-04T13:28:32.743Z" },
]

[[package]]
name = "urllib3"
version = "2.5.0"
source = { registry = "https://pypi.org/simple" }
sdist = { url = "https://files.pythonhosted.org/packages/15/22/9ee70a2574a4f4599c47dd506532914ce044817c7752a79b6a51286319bc/urllib3-2.5.0.tar.gz", hash = "sha256:3fc47733c7e419d4bc3f6b3dc2b4f890bb743906a30d56ba4a5bfa4bbff92760", size = 393185, upload-time = "2025-06-18T14:07:41.644Z" }
wheels = [
    { url = "https://files.pythonhosted.org/packages/a7/c2/fe1e52489ae3122415c51f387e221dd0773709bad6c6cdaa599e8a2c5185/urllib3-2.5.0-py3-none-any.whl", hash = "sha256:e6b01673c0fa6a13e374b50871808eb3bf7046c4b125b216f6bf1cc604cff0dc", size = 129795, upload-time = "2025-06-18T14:07:40.39Z" },
]

[package.optional-dependencies]
socks = [
    { name = "pysocks" },
]

[[package]]
name = "websocket-client"
version = "1.8.0"
source = { registry = "https://pypi.org/simple" }
sdist = { url = "https://files.pythonhosted.org/packages/e6/30/fba0d96b4b5fbf5948ed3f4681f7da2f9f64512e1d303f94b4cc174c24a5/websocket_client-1.8.0.tar.gz", hash = "sha256:3239df9f44da632f96012472805d40a23281a991027ce11d2f45a6f24ac4c3da", size = 54648, upload-time = "2024-04-23T22:16:16.976Z" }
wheels = [
    { url = "https://files.pythonhosted.org/packages/5a/84/44687a29792a70e111c5c477230a72c4b957d88d16141199bf9acb7537a3/websocket_client-1.8.0-py3-none-any.whl", hash = "sha256:17b44cc997f5c498e809b22cdf2d9c7a9e71c02c8cc2b6c56e7c2d1239bfa526", size = 58826, upload-time = "2024-04-23T22:16:14.422Z" },
]

[[package]]
name = "wsproto"
version = "1.2.0"
source = { registry = "https://pypi.org/simple" }
dependencies = [
    { name = "h11" },
]
sdist = { url = "https://files.pythonhosted.org/packages/c9/4a/44d3c295350d776427904d73c189e10aeae66d7f555bb2feee16d1e4ba5a/wsproto-1.2.0.tar.gz", hash = "sha256:ad565f26ecb92588a3e43bc3d96164de84cd9902482b130d0ddbaa9664a85065", size = 53425, upload-time = "2022-08-23T19:58:21.447Z" }
wheels = [
    { url = "https://files.pythonhosted.org/packages/78/58/e860788190eba3bcce367f74d29c4675466ce8dddfba85f7827588416f01/wsproto-1.2.0-py3-none-any.whl", hash = "sha256:b9acddd652b585d75b20477888c56642fdade28bdfd3579aa24a4d2c037dd736", size = 24226, upload-time = "2022-08-23T19:58:19.96Z" },
]
