{
  "lockfileVersion": 2,
  "configVersion": 1,
  "workspaces": {
    "": {
      "name": "5-wild-desktop",
      "devDependencies": {
        "@tauri-apps/cli": "2.12.0",
      },
    },
  },
  "packages": {
    "@tauri-apps/cli": ["@tauri-apps/cli@2.12.0", "", { "optionalDependencies": { "@tauri-apps/cli-darwin-arm64": "2.12.0", "@tauri-apps/cli-darwin-x64": "2.12.0", "@tauri-apps/cli-linux-arm-gnueabihf": "2.12.0", "@tauri-apps/cli-linux-arm64-gnu": "2.12.0", "@tauri-apps/cli-linux-arm64-musl": "2.12.0", "@tauri-apps/cli-linux-riscv64-gnu": "2.12.0", "@tauri-apps/cli-linux-x64-gnu": "2.12.0", "@tauri-apps/cli-linux-x64-musl": "2.12.0", "@tauri-apps/cli-win32-arm64-msvc": "2.12.0", "@tauri-apps/cli-win32-ia32-msvc": "2.12.0", "@tauri-apps/cli-win32-x64-msvc": "2.12.0" }, "bin": { "tauri": "tauri.js" } }, "sha512-GIShnAR4C16kSTA8NO02fo8fOw/I5z5sAUEB5S2HlPHFnBkbihL4c9a/MpkxOm1+q5S+tFd3X4QUjHWxfyGzpQ=="],

    "@tauri-apps/cli-darwin-arm64": ["@tauri-apps/cli-darwin-arm64@2.12.0", "", { "os": "darwin", "cpu": "arm64" }, "sha512-v5J+jISihLGtih1+3yWagbsL+5dbLZORu4vaSI0vhY0Heb+MAW+T/1s1RyKxrQrwEPGBG5kqwfDDTnSbmVkuqA=="],

    "@tauri-apps/cli-darwin-x64": ["@tauri-apps/cli-darwin-x64@2.12.0", "", { "os": "darwin", "cpu": "x64" }, "sha512-g27I07pfW/dMS8vcNqB9lamgKF0TqLlcy8e7t9qDGsB1iaeyjJWb2TgBF4tM9ZwLqPAZUXbsz28oXljO12WC4g=="],

    "@tauri-apps/cli-linux-arm-gnueabihf": ["@tauri-apps/cli-linux-arm-gnueabihf@2.12.0", "", { "os": "linux", "cpu": "arm" }, "sha512-gXyQ710fNc99YuxFxNyeX9PLSrIpbtgBBj7GQo9tSeRT6fIK40q3/gm7X5jqZo7mWLR2m0R/2ALd3vAWo0Z32Q=="],

    "@tauri-apps/cli-linux-arm64-gnu": ["@tauri-apps/cli-linux-arm64-gnu@2.12.0", "", { "os": "linux", "cpu": "arm64" }, "sha512-H9cyXuq9WgxoHh2NZ+R+oN+W78x5UwaBDEp0/fmqUUkaBoioCuOZErM9xKiIV6bpNAhmw1RoWZ49u37q/vaiAg=="],

    "@tauri-apps/cli-linux-arm64-musl": ["@tauri-apps/cli-linux-arm64-musl@2.12.0", "", { "os": "linux", "cpu": "arm64" }, "sha512-5tFuk3JKMBa1M/iN4gN32OYlSfhY3aqb5PO3zCugxaT+sfecyMKpc3EM9VDbhmwWBE9QD4Tfj7wGhlqx2yy2pQ=="],

    "@tauri-apps/cli-linux-riscv64-gnu": ["@tauri-apps/cli-linux-riscv64-gnu@2.12.0", "", { "os": "linux", "cpu": "none" }, "sha512-LOrMyV+nb7pKq8P0BZtTBQuyzm1ORjn16R9MlupmxuT5LqxtuYJlw3VMwbaeXCToJ8jbP5u9JnkfmbqDlvETXw=="],

    "@tauri-apps/cli-linux-x64-gnu": ["@tauri-apps/cli-linux-x64-gnu@2.12.0", "", { "os": "linux", "cpu": "x64" }, "sha512-aMIkI+X9qvD2+k80QZB3tuOYT41/cEheikC510CwAIZ31KLXORsRASYYzM4mi1/58ICmtzSLFhCC08keir7COw=="],

    "@tauri-apps/cli-linux-x64-musl": ["@tauri-apps/cli-linux-x64-musl@2.12.0", "", { "os": "linux", "cpu": "x64" }, "sha512-9gl3NhUbfuGhSKjeGCypKSdtoezOQRcDUrkhTWtLQEjnajets6peO6NadgI2DF0OzbiiFOzrnnIGMwBS+Ap6Iw=="],

    "@tauri-apps/cli-win32-arm64-msvc": ["@tauri-apps/cli-win32-arm64-msvc@2.12.0", "", { "os": "win32", "cpu": "arm64" }, "sha512-1W+v86wsYLuyBDN0iDessD4CD9o+yNyO0m8Dp3+/vfjiZrJ/v7R7/aTRBeikaq2tLGgxeag0gxnFggBNBGw91A=="],

    "@tauri-apps/cli-win32-ia32-msvc": ["@tauri-apps/cli-win32-ia32-msvc@2.12.0", "", { "os": "win32", "cpu": "ia32" }, "sha512-SsBjvq4f7YaBGqcWoE3cycoItPf0SrQeqFqWWgfxoeZWAIz01E31LDSeZ2p/etJiIY0R9oi045chkFfb0O7WGw=="],

    "@tauri-apps/cli-win32-x64-msvc": ["@tauri-apps/cli-win32-x64-msvc@2.12.0", "", { "os": "win32", "cpu": "x64" }, "sha512-9zzDKYUH4TKKBgRdDdVQX8fiRO5gJ8hD1nGsHU9DOHG5Jpm3arjbu9Xg1frR20EusG3Sl8X0dppoO/4EoUXUGg=="],
  }
}
